
Microsoft Visual Studio Solution File, Format Version 12.00
# Visual Studio 15
VisualStudioVersion = 15.0.28010.2036
MinimumVisualStudioVersion = 10.0.40219.1
Project("{FAE04EC0-301F-11D3-BF4B-00C04F79EFBC}") = "Color of mood", "Color of mood\Color of mood.csproj", "{DF2B3F55-299F-4F15-A2DF-0D0B2EC608E3}"
EndProject
Global
	GlobalSection(SolutionConfigurationPlatforms) = preSolution
		Debug|Any CPU = Debug|Any CPU
		Release|Any CPU = Release|Any CPU
	EndGlobalSection
	GlobalSection(ProjectConfigurationPlatforms) = postSolution
		{DF2B3F55-299F-4F15-A2DF-0D0B2EC608E3}.Debug|Any CPU.ActiveCfg = Debug|Any CPU
		{DF2B3F55-299F-4F15-A2DF-0D0B2EC608E3}.Debug|Any CPU.Build.0 = Debug|Any CPU
		{DF2B3F55-299F-4F15-A2DF-0D0B2EC608E3}.Release|Any CPU.ActiveCfg = Release|Any CPU
		{DF2B3F55-299F-4F15-A2DF-0D0B2EC608E3}.Release|Any CPU.Build.0 = Release|Any CPU
	EndGlobalSection
	GlobalSection(SolutionProperties) = preSolution
		HideSolutionNode = FALSE
	EndGlobalSection
	GlobalSection(ExtensibilityGlobals) = postSolution
		SolutionGuid = {66B99F2E-DC54-4DBD-BA10-F932AECF1F1D}
	EndGlobalSection
EndGlobal
